PODS:
  - ActiveLookSDK (0.1.0)

DEPENDENCIES:
  - ActiveLookSDK (from `https://github.com/ActiveLook/ios-sdk.git`, branch `rc/4.0.0`)

EXTERNAL SOURCES:
  ActiveLookSDK:
    :branch: rc/4.0.0
    :git: https://github.com/ActiveLook/ios-sdk.git

CHECKOUT OPTIONS:
  ActiveLookSDK:
    :commit: 2b1c4e51d5c0a00d04c357a728bec2945c902a23
    :git: https://github.com/ActiveLook/ios-sdk.git

SPEC CHECKSUMS:
  ActiveLookSDK: 167bdab7e078a8cdb9cad2051cb37f520bd29121

PODFILE CHECKSUM: a0a3339b1c9d88ee4358ac0c4bbbc7f7d89ef086

COCOAPODS: 1.11.2
